{
    "requires": true,
    "lockfileVersion": 1,
    "dependencies": {
        "bootstrap-material-design": {
            "version": "4.0.0-beta.4",
            "resolved": "https://registry.npmjs.org/bootstrap-material-design/-/bootstrap-material-design-4.0.0-beta.4.tgz",
            "integrity": "sha512-Wm5UW2nYbRAli8lcDb+qczEyCzuwKN5SvkkNbwyPWUjsI2vbP+PqBeB0H3Bc+4cOY0ifVh0iah9/gbfjoJUHqw=="
        }
    }
}
